# This file is automatically @generated by Cargo.
# It is not intended for manual editing.
[[package]]
name = "algorithm"
version = "0.1.0"

[[package]]
name = "recursion-eightqueen"
version = "0.1.0"

[[package]]
name = "recursion-factorial"
version = "0.1.0"

[[package]]
name = "recursion-migong"
version = "0.1.0"

[[package]]
name = "sort-bubble"
version = "0.1.0"
