# This file is automatically @generated by Cargo.
# It is not intended for manual editing.
[[package]]
name = "datastructure"
version = "0.1.0"

[[package]]
name = "queue-round"
version = "0.1.0"

[[package]]
name = "queue-sequence"
version = "0.1.0"

[[package]]
name = "sparsearray"
version = "0.1.0"
